
Microsoft Visual Studio Solution File, Format Version 12.00
# Visual Studio 14
VisualStudioVersion = 14.0.23107.0
MinimumVisualStudioVersion = 10.0.40219.1
Project("{FAE04EC0-301F-11D3-BF4B-00C04F79EFBC}") = "BlogPost1", "BlogPost1\BlogPost1.csproj", "{B348E2AA-9432-4DEE-B417-46D2C6EFBA76}"
EndProject
Global
	GlobalSection(SolutionConfigurationPlatforms) = preSolution
		Debug|Any CPU = Debug|Any CPU
		Release|Any CPU = Release|Any CPU
	EndGlobalSection
	GlobalSection(ProjectConfigurationPlatforms) = postSolution
		{B348E2AA-9432-4DEE-B417-46D2C6EFBA76}.Debug|Any CPU.ActiveCfg = Debug|Any CPU
		{B348E2AA-9432-4DEE-B417-46D2C6EFBA76}.Debug|Any CPU.Build.0 = Debug|Any CPU
		{B348E2AA-9432-4DEE-B417-46D2C6EFBA76}.Release|Any CPU.ActiveCfg = Release|Any CPU
		{B348E2AA-9432-4DEE-B417-46D2C6EFBA76}.Release|Any CPU.Build.0 = Release|Any CPU
	EndGlobalSection
	GlobalSection(SolutionProperties) = preSolution
		HideSolutionNode = FALSE
	EndGlobalSection
EndGlobal
